
Microsoft Visual Studio Solution File, Format Version 12.00
# Visual Studio Version 16
VisualStudioVersion = 16.0.30717.126
MinimumVisualStudioVersion = 10.0.40219.1
Project("{FAE04EC0-301F-11D3-BF4B-00C04F79EFBC}") = "DoAnDatHang", "DoAnDatHang\DoAnDatHang.csproj", "{CFC62B04-E15A-4D9E-801C-B341CD044E56}"
EndProject
Global
	GlobalSection(SolutionConfigurationPlatforms) = preSolution
		Debug|Any CPU = Debug|Any CPU
		Release|Any CPU = Release|Any CPU
	EndGlobalSection
	GlobalSection(ProjectConfigurationPlatforms) = postSolution
		{CFC62B04-E15A-4D9E-801C-B341CD044E56}.Debug|Any CPU.ActiveCfg = Debug|Any CPU
		{CFC62B04-E15A-4D9E-801C-B341CD044E56}.Debug|Any CPU.Build.0 = Debug|Any CPU
		{CFC62B04-E15A-4D9E-801C-B341CD044E56}.Release|Any CPU.ActiveCfg = Release|Any CPU
		{CFC62B04-E15A-4D9E-801C-B341CD044E56}.Release|Any CPU.Build.0 = Release|Any CPU
	EndGlobalSection
	GlobalSection(SolutionProperties) = preSolution
		HideSolutionNode = FALSE
	EndGlobalSection
	GlobalSection(ExtensibilityGlobals) = postSolution
		SolutionGuid = {02338585-61D1-4213-A244-C23F645305FC}
	EndGlobalSection
EndGlobal
